
Microsoft Visual Studio Solution File, Format Version 12.00
# Visual Studio Version 17
VisualStudioVersion = 17.5.33516.290
MinimumVisualStudioVersion = 10.0.40219.1
Project("{FAE04EC0-301F-11D3-BF4B-00C04F79EFBC}") = "Pratica4", "Pratica4.csproj", "{3198330A-4461-451E-8845-7CFC4332991C}"
EndProject
Global
	GlobalSection(SolutionConfigurationPlatforms) = preSolution
		Debug|Any CPU = Debug|Any CPU
		Release|Any CPU = Release|Any CPU
	EndGlobalSection
	GlobalSection(ProjectConfigurationPlatforms) = postSolution
		{3198330A-4461-451E-8845-7CFC4332991C}.Debug|Any CPU.ActiveCfg = Debug|Any CPU
		{3198330A-4461-451E-8845-7CFC4332991C}.Debug|Any CPU.Build.0 = Debug|Any CPU
		{3198330A-4461-451E-8845-7CFC4332991C}.Release|Any CPU.ActiveCfg = Release|Any CPU
		{3198330A-4461-451E-8845-7CFC4332991C}.Release|Any CPU.Build.0 = Release|Any CPU
	EndGlobalSection
	GlobalSection(SolutionProperties) = preSolution
		HideSolutionNode = FALSE
	EndGlobalSection
	GlobalSection(ExtensibilityGlobals) = postSolution
		SolutionGuid = {E3EDF27B-1D30-4EB7-BF4D-7A337B92640F}
	EndGlobalSection
EndGlobal
