
Microsoft Visual Studio Solution File, Format Version 12.00
# Visual Studio Version 17
VisualStudioVersion = 17.5.33516.290
MinimumVisualStudioVersion = 10.0.40219.1
Project("{FAE04EC0-301F-11D3-BF4B-00C04F79EFBC}") = "Pratica5", "Pratica5.csproj", "{186EF1C4-0843-456E-ACEB-24B551375220}"
EndProject
Global
	GlobalSection(SolutionConfigurationPlatforms) = preSolution
		Debug|Any CPU = Debug|Any CPU
		Release|Any CPU = Release|Any CPU
	EndGlobalSection
	GlobalSection(ProjectConfigurationPlatforms) = postSolution
		{186EF1C4-0843-456E-ACEB-24B551375220}.Debug|Any CPU.ActiveCfg = Debug|Any CPU
		{186EF1C4-0843-456E-ACEB-24B551375220}.Debug|Any CPU.Build.0 = Debug|Any CPU
		{186EF1C4-0843-456E-ACEB-24B551375220}.Release|Any CPU.ActiveCfg = Release|Any CPU
		{186EF1C4-0843-456E-ACEB-24B551375220}.Release|Any CPU.Build.0 = Release|Any CPU
	EndGlobalSection
	GlobalSection(SolutionProperties) = preSolution
		HideSolutionNode = FALSE
	EndGlobalSection
	GlobalSection(ExtensibilityGlobals) = postSolution
		SolutionGuid = {EE111165-F5B7-46A6-8C7B-49905B2EC262}
	EndGlobalSection
EndGlobal
